
Microsoft Visual Studio Solution File, Format Version 12.00
# Visual Studio Version 17
VisualStudioVersion = 17.2.32505.173
MinimumVisualStudioVersion = 10.0.40219.1
Project("{FAE04EC0-301F-11D3-BF4B-00C04F79EFBC}") = "ConsoleApp7", "ConsoleApp7\ConsoleApp7.csproj", "{5B01EE17-B034-4CC2-93AC-5B1DA1C12079}"
EndProject
Project("{FAE04EC0-301F-11D3-BF4B-00C04F79EFBC}") = "ConsoleApp1", "ConsoleApp1\ConsoleApp1.csproj", "{FDA9FF8B-1523-44DC-9063-976D097A37E8}"
EndProject
Project("{FAE04EC0-301F-11D3-BF4B-00C04F79EFBC}") = "ConsoleApp2", "ConsoleApp2\ConsoleApp2.csproj", "{D63C4D57-BCC5-4BF9-9354-11370143106B}"
EndProject
Global
	GlobalSection(SolutionConfigurationPlatforms) = preSolution
		Debug|Any CPU = Debug|Any CPU
		Release|Any CPU = Release|Any CPU
	EndGlobalSection
	GlobalSection(ProjectConfigurationPlatforms) = postSolution
		{5B01EE17-B034-4CC2-93AC-5B1DA1C12079}.Debug|Any CPU.ActiveCfg = Debug|Any CPU
		{5B01EE17-B034-4CC2-93AC-5B1DA1C12079}.Debug|Any CPU.Build.0 = Debug|Any CPU
		{5B01EE17-B034-4CC2-93AC-5B1DA1C12079}.Release|Any CPU.ActiveCfg = Release|Any CPU
		{5B01EE17-B034-4CC2-93AC-5B1DA1C12079}.Release|Any CPU.Build.0 = Release|Any CPU
		{FDA9FF8B-1523-44DC-9063-976D097A37E8}.Debug|Any CPU.ActiveCfg = Debug|Any CPU
		{FDA9FF8B-1523-44DC-9063-976D097A37E8}.Debug|Any CPU.Build.0 = Debug|Any CPU
		{FDA9FF8B-1523-44DC-9063-976D097A37E8}.Release|Any CPU.ActiveCfg = Release|Any CPU
		{FDA9FF8B-1523-44DC-9063-976D097A37E8}.Release|Any CPU.Build.0 = Release|Any CPU
		{D63C4D57-BCC5-4BF9-9354-11370143106B}.Debug|Any CPU.ActiveCfg = Debug|Any CPU
		{D63C4D57-BCC5-4BF9-9354-11370143106B}.Debug|Any CPU.Build.0 = Debug|Any CPU
		{D63C4D57-BCC5-4BF9-9354-11370143106B}.Release|Any CPU.ActiveCfg = Release|Any CPU
		{D63C4D57-BCC5-4BF9-9354-11370143106B}.Release|Any CPU.Build.0 = Release|Any CPU
	EndGlobalSection
	GlobalSection(SolutionProperties) = preSolution
		HideSolutionNode = FALSE
	EndGlobalSection
	GlobalSection(ExtensibilityGlobals) = postSolution
		SolutionGuid = {ABA990DB-FA39-4487-90FA-B798384C597F}
	EndGlobalSection
EndGlobal
